// !$*UTF8*$!
{
	archiveVersion = 1;
	classes = {
	};
	objectVersion = 46;
	objects = {

/* Begin PBXBuildFile section */
		23D9895E1C3EFAD100CED991 /* main.m in Sources */ = {isa = PBXBuildFile; fileRef = 23D9895D1C3EFAD100CED991 /* main.m */; };
		23D989611C3EFAD100CED991 /* AppDelegate.m in Sources */ = {isa = PBXBuildFile; fileRef = 23D989601C3EFAD100CED991 /* AppDelegate.m */; };
		23D989641C3EFAD100CED991 /* ViewController.m in Sources */ = {isa = PBXBuildFile; fileRef = 23D989631C3EFAD100CED991 /* ViewController.m */; };
		23D989671C3EFAD100CED991 /* Main.storyboard in Resources */ = {isa = PBXBuildFile; fileRef = 23D989651C3EFAD100CED991 /* Main.storyboard */; };
		23D989691C3EFAD100CED991 /* Assets.xcassets in Resources */ = {isa = PBXBuildFile; fileRef = 23D989681C3EFAD100CED991 /* Assets.xcassets */; };
		23D9896C1C3EFAD100CED991 /* LaunchScreen.storyboard in Resources */ = {isa = PBXBuildFile; fileRef = 23D9896A1C3EFAD100CED991 /* LaunchScreen.storyboard */; };
/* End PBXBuildFile section */

/* Begin PBXFileReference section */
		23D989591C3EFAD100CED991 /* DataPod.app */ = {isa = PBXFileReference; explicitFileType = wrapper.application; includeInIndex = 0; path = DataPod.app; sourceTree = BUILT_PRODUCTS_DIR; };
		23D9895D1C3EFAD100CED991 /* main.m */ = {isa = PBXFileReference; lastKnownFileType = sourcecode.c.objc; path = main.m; sourceTree = "<group>"; };
		23D9895F1C3EFAD100CED991 /* AppDelegate.h */ = {isa = PBXFileReference; lastKnownFileType = sourcecode.c.h; path = AppDelegate.h; sourceTree = "<group>"; };
		23D989601C3EFAD100CED991 /* AppDelegate.m */ = {isa = PBXFileReference; lastKnownFileType = sourcecode.c.objc; path = AppDelegate.m; sourceTree = "<group>"; };
		23D989621C3EFAD100CED991 /* ViewController.h */ = {isa = PBXFileReference; lastKnownFileType = sourcecode.c.h; path = ViewController.h; sourceTree = "<group>"; };
		23D989631C3EFAD100CED991 /* ViewController.m */ = {isa = PBXFileReference; lastKnownFileType = sourcecode.c.objc; path = ViewController.m; sourceTree = "<group>"; };
		23D989661C3EFAD100CED991 /* Base */ = {isa = PBXFileReference; lastKnownFileType = file.storyboard; name = Base; path = Base.lproj/Main.storyboard; sourceTree = "<group>"; };
		23D989681C3EFAD100CED991 /* Assets.xcassets */ = {isa = PBXFileReference; lastKnownFileType = folder.assetcatalog; path = Assets.xcassets; sourceTree = "<group>"; };
		23D9896B1C3EFAD100CED991 /* Base */ = {isa = PBXFileReference; lastKnownFileType = file.storyboard; name = Base; path = Base.lproj/LaunchScreen.storyboard; sourceTree = "<group>"; };
		23D9896D1C3EFAD100CED991 /* Info.plist */ = {isa = PBXFileReference; lastKnownFileType = text.plist.xml; path = Info.plist; sourceTree = "<group>"; };
/* End PBXFileReference section */

/* Begin PBXFrameworksBuildPhase section */
		23D989561C3EFAD100CED991 /* Frameworks */ = {
			isa = PBXFrameworksBuildPhase;
			buildActionMask = 2147483647;
			files = (
			);
			runOnlyForDeploymentPostprocessing = 0;
		};
/* End PBXFrameworksBuildPhase section */

/* Begin PBXGroup section */
		23D989501C3EFAD100CED991 = {
			isa = PBXGroup;
			children = (
				23D9895B1C3EFAD100CED991 /* DataPod */,
				23D9895A1C3EFAD100CED991 /* Products */,
			);
			sourceTree = "<group>";
		};
		23D9895A1C3EFAD100CED991 /* Products */ = {
			isa = PBXGroup;
			children = (
				23D989591C3EFAD100CED991 /* DataPod.app */,
			);
			name = Products;
			sourceTree = "<group>";
		};
		23D9895B1C3EFAD100CED991 /* DataPod */ = {
			isa = PBXGroup;
			children = (
				23D9895F1C3EFAD100CED991 /* AppDelegate.h */,
				23D989601C3EFAD100CED991 /* AppDelegate.m */,
				23D989621C3EFAD100CED991 /* ViewController.h */,
				23D989631C3EFAD100CED991 /* ViewController.m */,
				23D989651C3EFAD100CED991 /* Main.storyboard */,
				23D989681C3EFAD100CED991 /* Assets.xcassets */,
				23D9896A1C3EFAD100CED991 /* LaunchScreen.storyboard */,
				23D9896D1C3EFAD100CED991 /* Info.plist */,
				23D9895C1C3EFAD100CED991 /* Supporting Files */,
			);
			path = DataPod;
			sourceTree = "<group>";
		};
		23D9895C1C3EFAD100CED991 /* Supporting Files */ = {
			isa = PBXGroup;
			children = (
				23D9895D1C3EFAD100CED991 /* main.m */,
			);
			name = "Supporting Files";
			sourceTree = "<group>";
		};
/* End PBXGroup section */

/* Begin PBXNativeTarget section */
		23D989581C3EFAD100CED991 /* DataPod */ = {
			isa = PBXNativeTarget;
			buildConfigurationList = 23D989701C3EFAD100CED991 /* Build configuration list for PBXNativeTarget "DataPod" */;
			buildPhases = (
				23D989551C3EFAD100CED991 /* Sources */,
				23D989561C3EFAD100CED991 /* Frameworks */,
				23D989571C3EFAD100CED991 /* Resources */,
			);
			buildRules = (
			);
			dependencies = (
			);
			name = DataPod;
			productName = DataPod;
			productReference = 23D989591C3EFAD100CED991 /* DataPod.app */;
			productType = "com.apple.product-type.application";
		};
/* End PBXNativeTarget section */

/* Begin PBXProject section */
		23D989511C3EFAD100CED991 /* Project object */ = {
			isa = PBXProject;
			attributes = {
				LastUpgradeCheck = 0720;
				ORGANIZATIONNAME = "Fabio General";
				TargetAttributes = {
					23D989581C3EFAD100CED991 = {
						CreatedOnToolsVersion = 7.2;
						DevelopmentTeam = S52Y9YT3M3;
					};
				};
			};
			buildConfigurationList = 23D989541C3EFAD100CED991 /* Build configuration list for PBXProject "DataPod" */;
			compatibilityVersion = "Xcode 3.2";
			developmentRegion = English;
			hasScannedForEncodings = 0;
			knownRegions = (
				en,
				Base,
			);
			mainGroup = 23D989501C3EFAD100CED991;
			productRefGroup = 23D9895A1C3EFAD100CED991 /* Products */;
			projectDirPath = "";
			projectRoot = "";
			targets = (
				23D989581C3EFAD100CED991 /* DataPod */,
			);
		};
/* End PBXProject section */

/* Begin PBXResourcesBuildPhase section */
		23D989571C3EFAD100CED991 /* Resources */ = {
			isa = PBXResourcesBuildPhase;
			buildActionMask = 2147483647;
			files = (
				23D9896C1C3EFAD100CED991 /* LaunchScreen.storyboard in Resources */,
				23D989691C3EFAD100CED991 /* Assets.xcassets in Resources */,
				23D989671C3EFAD100CED991 /* Main.storyboard in Resources */,
			);
			runOnlyForDeploymentPostprocessing = 0;
		};
/* End PBXResourcesBuildPhase section */

/* Begin PBXSourcesBuildPhase section */
		23D989551C3EFAD100CED991 /* Sources */ = {
			isa = PBXSourcesBuildPhase;
			buildActionMask = 2147483647;
			files = (
				23D989641C3EFAD100CED991 /* ViewController.m in Sources */,
				23D989611C3EFAD100CED991 /* AppDelegate.m in Sources */,
				23D9895E1C3EFAD100CED991 /* main.m in Sources */,
			);
			runOnlyForDeploymentPostprocessing = 0;
		};
/* End PBXSourcesBuildPhase section */

/* Begin PBXVariantGroup section */
		23D989651C3EFAD100CED991 /* Main.storyboard */ = {
			isa = PBXVariantGroup;
			children = (
				23D989661C3EFAD100CED991 /* Base */,
			);
			name = Main.storyboard;
			sourceTree = "<group>";
		};
		23D9896A1C3EFAD100CED991 /* LaunchScreen.storyboard */ = {
			isa = PBXVariantGroup;
			children = (
				23D9896B1C3EFAD100CED991 /* Base */,
			);
			name = LaunchScreen.storyboard;
			sourceTree = "<group>";
		};
/* End PBXVariantGroup section */

/* Begin XCBuildConfiguration section */
		23D9896E1C3EFAD100CED991 /* Debug */ = {
			isa = XCBuildConfiguration;
			buildSettings = {
				ALWAYS_SEARCH_USER_PATHS = NO;
				CLANG_CXX_LANGUAGE_STANDARD = "gnu++0x";
				CLANG_CXX_LIBRARY = "libc++";
				CLANG_ENABLE_MODULES = YES;
				CLANG_ENABLE_OBJC_ARC = YES;
				CLANG_WARN_BOOL_CONVERSION = YES;
				CLANG_WARN_CONSTANT_CONVERSION = YES;
				CLANG_WARN_DIRECT_OBJC_ISA_USAGE = YES_ERROR;
				CLANG_WARN_EMPTY_BODY = YES;
				CLANG_WARN_ENUM_CONVERSION = YES;
				CLANG_WARN_INT_CONVERSION = YES;
				CLANG_WARN_OBJC_ROOT_CLASS = YES_ERROR;
				CLANG_WARN_UNREACHABLE_CODE = YES;
				CLANG_WARN__DUPLICATE_METHOD_MATCH = YES;
				"CODE_SIGN_IDENTITY[sdk=iphoneos*]" = "iPhone Developer";
				COPY_PHASE_STRIP = NO;
				DEBUG_INFORMATION_FORMAT = dwarf;
				ENABLE_STRICT_OBJC_MSGSEND = YES;
				ENABLE_TESTABILITY = YES;
				GCC_C_LANGUAGE_STANDARD = gnu99;
				GCC_DYNAMIC_NO_PIC = NO;
				GCC_NO_COMMON_BLOCKS = YES;
				GCC_OPTIMIZATION_LEVEL = 0;
				GCC_PREPROCESSOR_DEFINITIONS = (
					"DEBUG=1",
					"$(inherited)",
				);
				GCC_WARN_64_TO_32_BIT_CONVERSION = YES;
				GCC_WARN_ABOUT_RETURN_TYPE = YES_ERROR;
				GCC_WARN_UNDECLARED_SELECTOR = YES;
				GCC_WARN_UNINITIALIZED_AUTOS = YES_AGGRESSIVE;
				GCC_WARN_UNUSED_FUNCTION = YES;
				GCC_WARN_UNUSED_VARIABLE = YES;
				IPHONEOS_DEPLOYMENT_TARGET = 9.2;
				MTL_ENABLE_DEBUG_INFO = YES;
				ONLY_ACTIVE_ARCH = YES;
				SDKROOT = iphoneos;
				TARGETED_DEVICE_FAMILY = "1,2";
			};
			name = Debug;
		};
		23D9896F1C3EFAD100CED991 /* Release */ = {
			isa = XCBuildConfiguration;
			buildSettings = {
				ALWAYS_SEARCH_USER_PATHS = NO;
				CLANG_CXX_LANGUAGE_STANDARD = "gnu++0x";
				CLANG_CXX_LIBRARY = "libc++";
				CLANG_ENABLE_MODULES = YES;
				CLANG_ENABLE_OBJC_ARC = YES;
				CLANG_WARN_BOOL_CONVERSION = YES;
				CLANG_WARN_CONSTANT_CONVERSION = YES;
				CLANG_WARN_DIRECT_OBJC_ISA_USAGE = YES_ERROR;
				CLANG_WARN_EMPTY_BODY = YES;
				CLANG_WARN_ENUM_CONVERSION = YES;
				CLANG_WARN_INT_CONVERSION = YES;
				CLANG_WARN_OBJC_ROOT_CLASS = YES_ERROR;
				CLANG_WARN_UNREACHABLE_CODE = YES;
				CLANG_WARN__DUPLICATE_METHOD_MATCH = YES;
				"CODE_SIGN_IDENTITY[sdk=iphoneos*]" = "iPhone Developer";
				COPY_PHASE_STRIP = NO;
				DEBUG_INFORMATION_FORMAT = "dwarf-with-dsym";
				ENABLE_NS_ASSERTIONS = NO;
				ENABLE_STRICT_OBJC_MSGSEND = YES;
				GCC_C_LANGUAGE_STANDARD = gnu99;
				GCC_NO_COMMON_BLOCKS = YES;
				GCC_WARN_64_TO_32_BIT_CONVERSION = YES;
				GCC_WARN_ABOUT_RETURN_TYPE = YES_ERROR;
				GCC_WARN_UNDECLARED_SELECTOR = YES;
				GCC_WARN_UNINITIALIZED_AUTOS = YES_AGGRESSIVE;
				GCC_WARN_UNUSED_FUNCTION = YES;
				GCC_WARN_UNUSED_VARIABLE = YES;
				IPHONEOS_DEPLOYMENT_TARGET = 9.2;
				MTL_ENABLE_DEBUG_INFO = NO;
				SDKROOT = iphoneos;
				TARGETED_DEVICE_FAMILY = "1,2";
				VALIDATE_PRODUCT = YES;
			};
			name = Release;
		};
		23D989711C3EFAD100CED991 /* Debug */ = {
			isa = XCBuildConfiguration;
			buildSettings = {
				ASSETCATALOG_COMPILER_APPICON_NAME = AppIcon;
				INFOPLIST_FILE = DataPod/Info.plist;
				LD_RUNPATH_SEARCH_PATHS = "$(inherited) @executable_path/Frameworks";
				PRODUCT_BUNDLE_IDENTIFIER = com.fabiogeneral.DataPod;
				PRODUCT_NAME = "$(TARGET_NAME)";
			};
			name = Debug;
		};
		23D989721C3EFAD100CED991 /* Release */ = {
			isa = XCBuildConfiguration;
			buildSettings = {
				ASSETCATALOG_COMPILER_APPICON_NAME = AppIcon;
				INFOPLIST_FILE = DataPod/Info.plist;
				LD_RUNPATH_SEARCH_PATHS = "$(inherited) @executable_path/Frameworks";
				PRODUCT_BUNDLE_IDENTIFIER = com.fabiogeneral.DataPod;
				PRODUCT_NAME = "$(TARGET_NAME)";
			};
			name = Release;
		};
/* End XCBuildConfiguration section */

/* Begin XCConfigurationList section */
		23D989541C3EFAD100CED991 /* Build configuration list for PBXProject "DataPod" */ = {
			isa = XCConfigurationList;
			buildConfigurations = (
				23D9896E1C3EFAD100CED991 /* Debug */,
				23D9896F1C3EFAD100CED991 /* Release */,
			);
			defaultConfigurationIsVisible = 0;
			defaultConfigurationName = Release;
		};
		23D989701C3EFAD100CED991 /* Build configuration list for PBXNativeTarget "DataPod" */ = {
			isa = XCConfigurationList;
			buildConfigurations = (
				23D989711C3EFAD100CED991 /* Debug */,
				23D989721C3EFAD100CED991 /* Release */,
			);
			defaultConfigurationIsVisible = 0;
		};
/* End XCConfigurationList section */
	};
	rootObject = 23D989511C3EFAD100CED991 /* Project object */;
}
